
Microsoft Visual Studio Solution File, Format Version 12.00
# Visual Studio Version 17
VisualStudioVersion = 17.8.34408.163
MinimumVisualStudioVersion = 10.0.40219.1
Project("{FAE04EC0-301F-11D3-BF4B-00C04F79EFBC}") = "BowlingKata", "src\BowlingKata\BowlingKata.csproj", "{0AC64426-196D-4454-A675-31AA804EE350}"
EndProject
Project("{FAE04EC0-301F-11D3-BF4B-00C04F79EFBC}") = "BowlingKata.Tests", "tst\BowlingKata.Tests\BowlingKata.Tests.csproj", "{8BDB04AB-C3DF-4C52-B62D-999074428D45}"
EndProject
Global
	GlobalSection(SolutionConfigurationPlatforms) = preSolution
		Debug|Any CPU = Debug|Any CPU
		Release|Any CPU = Release|Any CPU
	EndGlobalSection
	GlobalSection(ProjectConfigurationPlatforms) = postSolution
		{0AC64426-196D-4454-A675-31AA804EE350}.Debug|Any CPU.ActiveCfg = Debug|Any CPU
		{0AC64426-196D-4454-A675-31AA804EE350}.Debug|Any CPU.Build.0 = Debug|Any CPU
		{0AC64426-196D-4454-A675-31AA804EE350}.Release|Any CPU.ActiveCfg = Release|Any CPU
		{0AC64426-196D-4454-A675-31AA804EE350}.Release|Any CPU.Build.0 = Release|Any CPU
		{8BDB04AB-C3DF-4C52-B62D-999074428D45}.Debug|Any CPU.ActiveCfg = Debug|Any CPU
		{8BDB04AB-C3DF-4C52-B62D-999074428D45}.Debug|Any CPU.Build.0 = Debug|Any CPU
		{8BDB04AB-C3DF-4C52-B62D-999074428D45}.Release|Any CPU.ActiveCfg = Release|Any CPU
		{8BDB04AB-C3DF-4C52-B62D-999074428D45}.Release|Any CPU.Build.0 = Release|Any CPU
	EndGlobalSection
	GlobalSection(SolutionProperties) = preSolution
		HideSolutionNode = FALSE
	EndGlobalSection
	GlobalSection(ExtensibilityGlobals) = postSolution
		SolutionGuid = {BF0CDC98-394E-4147-92A1-45E6C22F4AA5}
	EndGlobalSection
EndGlobal
