
Microsoft Visual Studio Solution File, Format Version 12.00
# Visual Studio Version 17
VisualStudioVersion = 17.8.34408.163
MinimumVisualStudioVersion = 10.0.40219.1
Project("{FAE04EC0-301F-11D3-BF4B-00C04F79EFBC}") = "BowlingKataTdd2.Tests", "BowlingKataTdd2.Tests\BowlingKataTdd2.Tests.csproj", "{0B754906-749C-4EF1-BE44-05FA6BA89FE0}"
EndProject
Project("{FAE04EC0-301F-11D3-BF4B-00C04F79EFBC}") = "BowlingKataTdd2.Application", "BowlingKataTdd2.Application\BowlingKataTdd2.Application.csproj", "{0488AA79-6334-431B-9DDE-DA37470A3D98}"
EndProject
Global
	GlobalSection(SolutionConfigurationPlatforms) = preSolution
		Debug|Any CPU = Debug|Any CPU
		Release|Any CPU = Release|Any CPU
	EndGlobalSection
	GlobalSection(ProjectConfigurationPlatforms) = postSolution
		{0B754906-749C-4EF1-BE44-05FA6BA89FE0}.Debug|Any CPU.ActiveCfg = Debug|Any CPU
		{0B754906-749C-4EF1-BE44-05FA6BA89FE0}.Debug|Any CPU.Build.0 = Debug|Any CPU
		{0B754906-749C-4EF1-BE44-05FA6BA89FE0}.Release|Any CPU.ActiveCfg = Release|Any CPU
		{0B754906-749C-4EF1-BE44-05FA6BA89FE0}.Release|Any CPU.Build.0 = Release|Any CPU
		{0488AA79-6334-431B-9DDE-DA37470A3D98}.Debug|Any CPU.ActiveCfg = Debug|Any CPU
		{0488AA79-6334-431B-9DDE-DA37470A3D98}.Debug|Any CPU.Build.0 = Debug|Any CPU
		{0488AA79-6334-431B-9DDE-DA37470A3D98}.Release|Any CPU.ActiveCfg = Release|Any CPU
		{0488AA79-6334-431B-9DDE-DA37470A3D98}.Release|Any CPU.Build.0 = Release|Any CPU
	EndGlobalSection
	GlobalSection(SolutionProperties) = preSolution
		HideSolutionNode = FALSE
	EndGlobalSection
	GlobalSection(ExtensibilityGlobals) = postSolution
		SolutionGuid = {6476BAD7-EC4B-43EA-9420-F35332BD9FE4}
	EndGlobalSection
EndGlobal
