
Microsoft Visual Studio Solution File, Format Version 12.00
# Visual Studio Version 17
VisualStudioVersion = 17.8.34525.116
MinimumVisualStudioVersion = 10.0.40219.1
Project("{FAE04EC0-301F-11D3-BF4B-00C04F79EFBC}") = "TestKataBowling.Tests", "TestKataBowling.Tests\TestKataBowling.Tests.csproj", "{65615F97-ECCE-4778-9CDF-70B19588D8F0}"
EndProject
Global
	GlobalSection(SolutionConfigurationPlatforms) = preSolution
		Debug|Any CPU = Debug|Any CPU
		Release|Any CPU = Release|Any CPU
	EndGlobalSection
	GlobalSection(ProjectConfigurationPlatforms) = postSolution
		{65615F97-ECCE-4778-9CDF-70B19588D8F0}.Debug|Any CPU.ActiveCfg = Debug|Any CPU
		{65615F97-ECCE-4778-9CDF-70B19588D8F0}.Debug|Any CPU.Build.0 = Debug|Any CPU
		{65615F97-ECCE-4778-9CDF-70B19588D8F0}.Release|Any CPU.ActiveCfg = Release|Any CPU
		{65615F97-ECCE-4778-9CDF-70B19588D8F0}.Release|Any CPU.Build.0 = Release|Any CPU
	EndGlobalSection
	GlobalSection(SolutionProperties) = preSolution
		HideSolutionNode = FALSE
	EndGlobalSection
	GlobalSection(ExtensibilityGlobals) = postSolution
		SolutionGuid = {AE304359-522F-4CA2-8FE0-1024DAAC94BB}
	EndGlobalSection
EndGlobal
