
Microsoft Visual Studio Solution File, Format Version 12.00
# Visual Studio Version 17
VisualStudioVersion = 17.8.34408.163
MinimumVisualStudioVersion = 10.0.40219.1
Project("{FAE04EC0-301F-11D3-BF4B-00C04F79EFBC}") = "BankAccountKataTdd.Tests", "BankAccountKataTdd.Tests\BankAccountKataTdd.Tests.csproj", "{DF06689F-7F51-4742-AD00-0B911C2DD384}"
EndProject
Project("{FAE04EC0-301F-11D3-BF4B-00C04F79EFBC}") = "BankAccountKataTdd.Application", "BankAccountKataTdd.Application\BankAccountKataTdd.Application.csproj", "{80AA4FDB-AD38-491D-B7EB-84E0C65BEE10}"
EndProject
Global
	GlobalSection(SolutionConfigurationPlatforms) = preSolution
		Debug|Any CPU = Debug|Any CPU
		Release|Any CPU = Release|Any CPU
	EndGlobalSection
	GlobalSection(ProjectConfigurationPlatforms) = postSolution
		{DF06689F-7F51-4742-AD00-0B911C2DD384}.Debug|Any CPU.ActiveCfg = Debug|Any CPU
		{DF06689F-7F51-4742-AD00-0B911C2DD384}.Debug|Any CPU.Build.0 = Debug|Any CPU
		{DF06689F-7F51-4742-AD00-0B911C2DD384}.Release|Any CPU.ActiveCfg = Release|Any CPU
		{DF06689F-7F51-4742-AD00-0B911C2DD384}.Release|Any CPU.Build.0 = Release|Any CPU
		{80AA4FDB-AD38-491D-B7EB-84E0C65BEE10}.Debug|Any CPU.ActiveCfg = Debug|Any CPU
		{80AA4FDB-AD38-491D-B7EB-84E0C65BEE10}.Debug|Any CPU.Build.0 = Debug|Any CPU
		{80AA4FDB-AD38-491D-B7EB-84E0C65BEE10}.Release|Any CPU.ActiveCfg = Release|Any CPU
		{80AA4FDB-AD38-491D-B7EB-84E0C65BEE10}.Release|Any CPU.Build.0 = Release|Any CPU
	EndGlobalSection
	GlobalSection(SolutionProperties) = preSolution
		HideSolutionNode = FALSE
	EndGlobalSection
	GlobalSection(ExtensibilityGlobals) = postSolution
		SolutionGuid = {D4C43874-FC98-4CB0-BBDE-A2F1ADB1DECB}
	EndGlobalSection
EndGlobal
